
Microsoft Visual Studio Solution File, Format Version 12.00
# Visual Studio Version 17
VisualStudioVersion = 17.9.34728.123
MinimumVisualStudioVersion = 10.0.40219.1
Project("{FAE04EC0-301F-11D3-BF4B-00C04F79EFBC}") = "Jargar.Portfolio", "Jargar.Portfolio\Jargar.Portfolio.csproj", "{9CE04319-4375-4051-8B2A-8CBCE0C9AA97}"
EndProject
Project("{FAE04EC0-301F-11D3-BF4B-00C04F79EFBC}") = "Jargar.Portfolio.Client", "Jargar.Portfolio.Client\Jargar.Portfolio.Client.csproj", "{3EF39A19-D49D-4D8D-8585-85CE9379643F}"
EndProject
Global
	GlobalSection(SolutionConfigurationPlatforms) = preSolution
		Debug|Any CPU = Debug|Any CPU
		Release|Any CPU = Release|Any CPU
	EndGlobalSection
	GlobalSection(ProjectConfigurationPlatforms) = postSolution
		{9CE04319-4375-4051-8B2A-8CBCE0C9AA97}.Debug|Any CPU.ActiveCfg = Debug|Any CPU
		{9CE04319-4375-4051-8B2A-8CBCE0C9AA97}.Debug|Any CPU.Build.0 = Debug|Any CPU
		{9CE04319-4375-4051-8B2A-8CBCE0C9AA97}.Release|Any CPU.ActiveCfg = Release|Any CPU
		{9CE04319-4375-4051-8B2A-8CBCE0C9AA97}.Release|Any CPU.Build.0 = Release|Any CPU
		{3EF39A19-D49D-4D8D-8585-85CE9379643F}.Debug|Any CPU.ActiveCfg = Debug|Any CPU
		{3EF39A19-D49D-4D8D-8585-85CE9379643F}.Debug|Any CPU.Build.0 = Debug|Any CPU
		{3EF39A19-D49D-4D8D-8585-85CE9379643F}.Release|Any CPU.ActiveCfg = Release|Any CPU
		{3EF39A19-D49D-4D8D-8585-85CE9379643F}.Release|Any CPU.Build.0 = Release|Any CPU
	EndGlobalSection
	GlobalSection(SolutionProperties) = preSolution
		HideSolutionNode = FALSE
	EndGlobalSection
	GlobalSection(ExtensibilityGlobals) = postSolution
		SolutionGuid = {173ACAFB-4078-498E-850B-EC5C5D331B3D}
	EndGlobalSection
EndGlobal
